
Microsoft Visual Studio Solution File, Format Version 12.00
# Visual Studio Version 16
VisualStudioVersion = 16.0.32002.261
MinimumVisualStudioVersion = 10.0.40219.1
Project("{FAE04EC0-301F-11D3-BF4B-00C04F79EFBC}") = "StudentManagmentSystem", "StudentManagmentSystem\StudentManagmentSystem.csproj", "{E0B0FBCF-17DC-4119-8B25-EC7EDDEB5896}"
EndProject
Global
	GlobalSection(SolutionConfigurationPlatforms) = preSolution
		Debug|Any CPU = Debug|Any CPU
		Release|Any CPU = Release|Any CPU
	EndGlobalSection
	GlobalSection(ProjectConfigurationPlatforms) = postSolution
		{E0B0FBCF-17DC-4119-8B25-EC7EDDEB5896}.Debug|Any CPU.ActiveCfg = Debug|Any CPU
		{E0B0FBCF-17DC-4119-8B25-EC7EDDEB5896}.Debug|Any CPU.Build.0 = Debug|Any CPU
		{E0B0FBCF-17DC-4119-8B25-EC7EDDEB5896}.Release|Any CPU.ActiveCfg = Release|Any CPU
		{E0B0FBCF-17DC-4119-8B25-EC7EDDEB5896}.Release|Any CPU.Build.0 = Release|Any CPU
	EndGlobalSection
	GlobalSection(SolutionProperties) = preSolution
		HideSolutionNode = FALSE
	EndGlobalSection
	GlobalSection(ExtensibilityGlobals) = postSolution
		SolutionGuid = {30FE5AE0-6998-41C8-A795-87EE80428CBE}
	EndGlobalSection
EndGlobal
